{
  "version": 4,
  "terraform_version": "1.5.7",
  "serial": 195,
  "lineage": "cbb210a5-eb8a-d211-4d09-5a28b0a9fec8",
  "outputs": {},
  "resources": [
    {
      "mode": "managed",
      "type": "yandex_iam_service_account",
      "name": "node_service_account_resource_name",
      "provider": "provider[\"registry.terraform.io/yandex-cloud/yandex\"]",
      "instances": [
        {
          "schema_version": 0,
          "attributes": {
            "created_at": "2025-03-02T17:49:02Z",
            "description": "",
            "folder_id": "b1ggnsesrlb48fr50afa",
            "id": "ajebvscgbfhk6f7ie0g5",
            "name": "k8s-node-service-account",
            "timeouts": null
          },
          "sensitive_attributes": [],
          "private": "eyJlMmJmYjczMC1lY2FhLTExZTYtOGY4OC0zNDM2M2JjN2M0YzAiOnsiY3JlYXRlIjo2MDAwMDAwMDAwMCwiZGVsZXRlIjo2MDAwMDAwMDAwMCwidXBkYXRlIjo2MDAwMDAwMDAwMH19"
        }
      ]
    },
    {
      "mode": "managed",
      "type": "yandex_iam_service_account",
      "name": "service_account_resource_name",
      "provider": "provider[\"registry.terraform.io/yandex-cloud/yandex\"]",
      "instances": [
        {
          "schema_version": 0,
          "attributes": {
            "created_at": "2025-03-02T17:49:04Z",
            "description": "",
            "folder_id": "b1ggnsesrlb48fr50afa",
            "id": "aje321n8d2pipmujho0s",
            "name": "k8s-service-account",
            "timeouts": null
          },
          "sensitive_attributes": [],
          "private": "eyJlMmJmYjczMC1lY2FhLTExZTYtOGY4OC0zNDM2M2JjN2M0YzAiOnsiY3JlYXRlIjo2MDAwMDAwMDAwMCwiZGVsZXRlIjo2MDAwMDAwMDAwMCwidXBkYXRlIjo2MDAwMDAwMDAwMH19"
        }
      ]
    },
    {
      "mode": "managed",
      "type": "yandex_kms_symmetric_key",
      "name": "kms_key_resource_name",
      "provider": "provider[\"registry.terraform.io/yandex-cloud/yandex\"]",
      "instances": [
        {
          "schema_version": 1,
          "attributes": {
            "created_at": "2025-03-02T17:49:01Z",
            "default_algorithm": "AES_256",
            "deletion_protection": false,
            "description": "",
            "folder_id": "b1ggnsesrlb48fr50afa",
            "id": "abj7i6ddcts3ehql2cbq",
            "labels": null,
            "name": "k8s-key",
            "rotated_at": "",
            "rotation_period": "",
            "status": "active",
            "timeouts": null
          },
          "sensitive_attributes": [],
          "private": "eyJlMmJmYjczMC1lY2FhLTExZTYtOGY4OC0zNDM2M2JjN2M0YzAiOnsiY3JlYXRlIjo2MDAwMDAwMDAwMCwiZGVsZXRlIjo2MDAwMDAwMDAwMCwicmVhZCI6NjAwMDAwMDAwMDAsInVwZGF0ZSI6NjAwMDAwMDAwMDB9LCJzY2hlbWFfdmVyc2lvbiI6IjEifQ=="
        }
      ]
    },
    {
      "mode": "managed",
      "type": "yandex_kubernetes_cluster",
      "name": "zonal_cluster",
      "provider": "provider[\"registry.terraform.io/yandex-cloud/yandex\"]",
      "instances": [
        {
          "schema_version": 0,
          "attributes": {
            "cluster_ipv4_range": "10.112.0.0/16",
            "cluster_ipv6_range": "",
            "created_at": "2025-03-02T17:49:13Z",
            "description": "description",
            "folder_id": "b1ggnsesrlb48fr50afa",
            "health": "healthy",
            "id": "catips70kncf7pi1nt61",
            "kms_provider": [
              {
                "key_id": "abj7i6ddcts3ehql2cbq"
              }
            ],
            "labels": {
              "my_key": "my_value",
              "my_other_key": "my_other_value"
            },
            "log_group_id": "",
            "master": [
              {
                "cluster_ca_certificate": "-----BEGIN CERTIFICATE-----\nMIIC5zCCAc+gAwIBAgIBADANBgkqhkiG9w0BAQsFADAVMRMwEQYDVQQDEwprdWJl\ncm5ldGVzMB4XDTI1MDMwMjE3NDkxNloXDTM1MDIyODE3NDkxNlowFTETMBEGA1UE\nAxMKa3ViZXJuZXRlczCCASIwDQYJKoZIhvcNAQEBBQADggEPADCCAQoCggEBAJq1\nCsALMOorfaL6wLLNoCHJC6M4jvDuPzTnwfaJxPs0dy5HHdAIDaGILzbi+/cAjImL\nix4K+Qs1uUHfrxO0dxMFft6kodG4B/3F3Cpi4IiH4FeKnSHFxblnz1haov3Rs/DR\n9BRkegLr3ceqOznMWYCr/4iaLUcXHn1T7gDJJvGJUlUIPZAKNm5OLx7Gy4J//EfW\nBoPYy8Dfhnh2Ds0eAa/XsodwRnV5Zf78/0GE65v4QDGdEcLgARYhrPfoGQnxlj1n\nFl01vru/HndkzTr24diBFX8gspMkmvRfIYlMkw+aC4OEgV622NIzr3qQPvo+mx+x\nvX/CbLueAXaqmkLj2AECAwEAAaNCMEAwDgYDVR0PAQH/BAQDAgKkMA8GA1UdEwEB\n/wQFMAMBAf8wHQYDVR0OBBYEFKayyaDypjP6CbLdxoYLlMHn11vUMA0GCSqGSIb3\nDQEBCwUAA4IBAQBf358cHQ1CuYl0Ihoh+iMItcuvcPPJkxH6qJUo0eYSqGNRQZBM\nRi2XbFjTIiEtOQixVoujwZk1fxFCYh9UOcVza4bS6ufRX88jmkY+MEG+uZFy4uK5\nIvSr8jzV5hBOY0y3GHL/1cOZ8pDa9pOjcVJTxdPFDn0i39GzYEkCFVrzFoEf2aqm\n/kbsYa4hL65myoy9WY5VKF47IMZ42K54thRZAbRYGKsF20jUPdab95OtRhKBAFEe\nosErQaPgF5giOPNyjbpY9ZaB+YE6o42lkfHvjU9NyyT2tohnrKErbT105Yu06tqW\nosHLo0Er1QC8DpgnWkVCcsSNdkeGQ9hbduYR\n-----END CERTIFICATE-----\n",
                "etcd_cluster_size": 1,
                "external_v4_address": "51.250.106.98",
                "external_v4_endpoint": "https://51.250.106.98",
                "external_v6_address": "",
                "external_v6_endpoint": "",
                "internal_v4_address": "10.0.0.29",
                "internal_v4_endpoint": "https://10.0.0.29",
                "maintenance_policy": [
                  {
                    "auto_upgrade": true,
                    "maintenance_window": [
                      {
                        "day": "",
                        "duration": "3h",
                        "start_time": "15:00"
                      }
                    ]
                  }
                ],
                "master_location": [
                  {
                    "subnet_id": "e2lvfi61hknqc02578cl",
                    "zone": "ru-central1-b"
                  }
                ],
                "master_logging": [
                  {
                    "audit_enabled": true,
                    "cluster_autoscaler_enabled": true,
                    "enabled": true,
                    "events_enabled": true,
                    "folder_id": "",
                    "kube_apiserver_enabled": true,
                    "log_group_id": "e234mntasd1acenf9v5h"
                  }
                ],
                "public_ip": true,
                "regional": [],
                "security_group_ids": [
                  "enp9d9rqdt5u82as2ekr"
                ],
                "version": "1.30",
                "version_info": [
                  {
                    "current_version": "1.30",
                    "new_revision_available": false,
                    "new_revision_summary": "",
                    "version_deprecated": false
                  }
                ],
                "zonal": [
                  {
                    "subnet_id": "e2lvfi61hknqc02578cl",
                    "zone": "ru-central1-b"
                  }
                ]
              }
            ],
            "name": "name",
            "network_id": "enpcv7i1r65be5oh78jj",
            "network_implementation": [],
            "network_policy_provider": "CALICO",
            "node_ipv4_cidr_mask_size": 24,
            "node_service_account_id": "ajebvscgbfhk6f7ie0g5",
            "release_channel": "RAPID",
            "service_account_id": "aje321n8d2pipmujho0s",
            "service_ipv4_range": "10.96.0.0/16",
            "service_ipv6_range": "",
            "status": "running",
            "timeouts": null
          },
          "sensitive_attributes": [],
          "private": "eyJlMmJmYjczMC1lY2FhLTExZTYtOGY4OC0zNDM2M2JjN2M0YzAiOnsiY3JlYXRlIjoxODAwMDAwMDAwMDAwLCJkZWxldGUiOjEyMDAwMDAwMDAwMDAsInJlYWQiOjMwMDAwMDAwMDAwMCwidXBkYXRlIjoxODAwMDAwMDAwMDAwfX0=",
          "dependencies": [
            "yandex_iam_service_account.node_service_account_resource_name",
            "yandex_iam_service_account.service_account_resource_name",
            "yandex_kms_symmetric_key.kms_key_resource_name",
            "yandex_logging_group.log_group_resource_name",
            "yandex_resourcemanager_folder_iam_member.NodeServiceAccountResourceName",
            "yandex_resourcemanager_folder_iam_member.ServiceAccountResourceName",
            "yandex_vpc_network.network_resource_name",
            "yandex_vpc_security_group.security_group_name",
            "yandex_vpc_subnet.subnet_resource_name"
          ]
        }
      ]
    },
    {
      "mode": "managed",
      "type": "yandex_logging_group",
      "name": "log_group_resource_name",
      "provider": "provider[\"registry.terraform.io/yandex-cloud/yandex\"]",
      "instances": [
        {
          "schema_version": 0,
          "attributes": {
            "cloud_id": "b1gh4i00n2ee8jkto03g",
            "created_at": "2025-03-02T17:49:02Z",
            "data_stream": "",
            "description": "",
            "folder_id": "b1ggnsesrlb48fr50afa",
            "id": "e234mntasd1acenf9v5h",
            "labels": null,
            "name": "k8s-log-group",
            "retention_period": "1h0m0s",
            "status": "ACTIVE",
            "timeouts": null
          },
          "sensitive_attributes": [],
          "private": "eyJlMmJmYjczMC1lY2FhLTExZTYtOGY4OC0zNDM2M2JjN2M0YzAiOnsiY3JlYXRlIjozMDAwMDAwMDAwMCwiZGVmYXVsdCI6MzAwMDAwMDAwMDAsImRlbGV0ZSI6MzAwMDAwMDAwMDAsInJlYWQiOjMwMDAwMDAwMDAwLCJ1cGRhdGUiOjMwMDAwMDAwMDAwfX0="
        }
      ]
    },
    {
      "mode": "managed",
      "type": "yandex_resourcemanager_folder_iam_member",
      "name": "NodeServiceAccountResourceName",
      "provider": "provider[\"registry.terraform.io/yandex-cloud/yandex\"]",
      "instances": [
        {
          "schema_version": 0,
          "attributes": {
            "folder_id": "b1ggnsesrlb48fr50afa",
            "id": "b1ggnsesrlb48fr50afa/container-registry.images.puller/serviceAccount:ajebvscgbfhk6f7ie0g5",
            "member": "serviceAccount:ajebvscgbfhk6f7ie0g5",
            "role": "container-registry.images.puller",
            "sleep_after": null,
            "timeouts": null
          },
          "sensitive_attributes": [],
          "private": "eyJlMmJmYjczMC1lY2FhLTExZTYtOGY4OC0zNDM2M2JjN2M0YzAiOnsiY3JlYXRlIjo2MDAwMDAwMDAwMCwiZGVmYXVsdCI6NjAwMDAwMDAwMDAsImRlbGV0ZSI6NjAwMDAwMDAwMDAsInJlYWQiOjYwMDAwMDAwMDAwLCJ1cGRhdGUiOjYwMDAwMDAwMDAwfX0=",
          "dependencies": [
            "yandex_iam_service_account.node_service_account_resource_name"
          ]
        }
      ]
    },
    {
      "mode": "managed",
      "type": "yandex_resourcemanager_folder_iam_member",
      "name": "ServiceAccountResourceName",
      "provider": "provider[\"registry.terraform.io/yandex-cloud/yandex\"]",
      "instances": [
        {
          "schema_version": 0,
          "attributes": {
            "folder_id": "b1ggnsesrlb48fr50afa",
            "id": "b1ggnsesrlb48fr50afa/k8s.clusters.agent/serviceAccount:aje321n8d2pipmujho0s",
            "member": "serviceAccount:aje321n8d2pipmujho0s",
            "role": "k8s.clusters.agent",
            "sleep_after": null,
            "timeouts": null
          },
          "sensitive_attributes": [],
          "private": "eyJlMmJmYjczMC1lY2FhLTExZTYtOGY4OC0zNDM2M2JjN2M0YzAiOnsiY3JlYXRlIjo2MDAwMDAwMDAwMCwiZGVmYXVsdCI6NjAwMDAwMDAwMDAsImRlbGV0ZSI6NjAwMDAwMDAwMDAsInJlYWQiOjYwMDAwMDAwMDAwLCJ1cGRhdGUiOjYwMDAwMDAwMDAwfX0=",
          "dependencies": [
            "yandex_iam_service_account.service_account_resource_name"
          ]
        }
      ]
    },
    {
      "mode": "managed",
      "type": "yandex_resourcemanager_folder_iam_member",
      "name": "ServiceAccountResourceNameLoggingRole",
      "provider": "provider[\"registry.terraform.io/yandex-cloud/yandex\"]",
      "instances": [
        {
          "schema_version": 0,
          "attributes": {
            "folder_id": "b1ggnsesrlb48fr50afa",
            "id": "b1ggnsesrlb48fr50afa/logging.writer/serviceAccount:aje321n8d2pipmujho0s",
            "member": "serviceAccount:aje321n8d2pipmujho0s",
            "role": "logging.writer",
            "sleep_after": null,
            "timeouts": null
          },
          "sensitive_attributes": [],
          "private": "eyJlMmJmYjczMC1lY2FhLTExZTYtOGY4OC0zNDM2M2JjN2M0YzAiOnsiY3JlYXRlIjo2MDAwMDAwMDAwMCwiZGVmYXVsdCI6NjAwMDAwMDAwMDAsImRlbGV0ZSI6NjAwMDAwMDAwMDAsInJlYWQiOjYwMDAwMDAwMDAwLCJ1cGRhdGUiOjYwMDAwMDAwMDAwfX0=",
          "dependencies": [
            "yandex_iam_service_account.service_account_resource_name"
          ]
        }
      ]
    },
    {
      "mode": "managed",
      "type": "yandex_resourcemanager_folder_iam_member",
      "name": "ServiceAccountResourceNameVpcRole",
      "provider": "provider[\"registry.terraform.io/yandex-cloud/yandex\"]",
      "instances": [
        {
          "schema_version": 0,
          "attributes": {
            "folder_id": "b1ggnsesrlb48fr50afa",
            "id": "b1ggnsesrlb48fr50afa/vpc.publicAdmin/serviceAccount:aje321n8d2pipmujho0s",
            "member": "serviceAccount:aje321n8d2pipmujho0s",
            "role": "vpc.publicAdmin",
            "sleep_after": null,
            "timeouts": null
          },
          "sensitive_attributes": [],
          "private": "eyJlMmJmYjczMC1lY2FhLTExZTYtOGY4OC0zNDM2M2JjN2M0YzAiOnsiY3JlYXRlIjo2MDAwMDAwMDAwMCwiZGVmYXVsdCI6NjAwMDAwMDAwMDAsImRlbGV0ZSI6NjAwMDAwMDAwMDAsInJlYWQiOjYwMDAwMDAwMDAwLCJ1cGRhdGUiOjYwMDAwMDAwMDAwfX0=",
          "dependencies": [
            "yandex_iam_service_account.service_account_resource_name"
          ]
        }
      ]
    },
    {
      "mode": "managed",
      "type": "yandex_vpc_network",
      "name": "network_resource_name",
      "provider": "provider[\"registry.terraform.io/yandex-cloud/yandex\"]",
      "instances": [
        {
          "schema_version": 0,
          "attributes": {
            "created_at": "2025-03-02T17:49:01Z",
            "default_security_group_id": "enp9n0d5g31osbf69iq7",
            "description": "",
            "folder_id": "b1ggnsesrlb48fr50afa",
            "id": "enpcv7i1r65be5oh78jj",
            "labels": {},
            "name": "my-network",
            "subnet_ids": [],
            "timeouts": null
          },
          "sensitive_attributes": [],
          "private": "eyJlMmJmYjczMC1lY2FhLTExZTYtOGY4OC0zNDM2M2JjN2M0YzAiOnsiY3JlYXRlIjo2MDAwMDAwMDAwMCwiZGVsZXRlIjo2MDAwMDAwMDAwMCwidXBkYXRlIjo2MDAwMDAwMDAwMH19"
        }
      ]
    },
    {
      "mode": "managed",
      "type": "yandex_vpc_security_group",
      "name": "security_group_name",
      "provider": "provider[\"registry.terraform.io/yandex-cloud/yandex\"]",
      "instances": [
        {
          "schema_version": 0,
          "attributes": {
            "created_at": "2025-03-02T17:49:06Z",
            "description": "",
            "egress": [],
            "folder_id": "b1ggnsesrlb48fr50afa",
            "id": "enp9d9rqdt5u82as2ekr",
            "ingress": [
              {
                "description": "Allow SSH",
                "from_port": -1,
                "id": "enph36arapno4ci699ap",
                "labels": {},
                "port": 22,
                "predefined_target": "",
                "protocol": "TCP",
                "security_group_id": "",
                "to_port": -1,
                "v4_cidr_blocks": [
                  "0.0.0.0/0"
                ],
                "v6_cidr_blocks": []
              }
            ],
            "labels": {},
            "name": "my-security-group",
            "network_id": "enpcv7i1r65be5oh78jj",
            "status": "ACTIVE",
            "timeouts": null
          },
          "sensitive_attributes": [],
          "private": "eyJlMmJmYjczMC1lY2FhLTExZTYtOGY4OC0zNDM2M2JjN2M0YzAiOnsiY3JlYXRlIjoxODAwMDAwMDAwMDAsImRlbGV0ZSI6MTgwMDAwMDAwMDAwLCJ1cGRhdGUiOjE4MDAwMDAwMDAwMH19",
          "dependencies": [
            "yandex_vpc_network.network_resource_name"
          ]
        }
      ]
    },
    {
      "mode": "managed",
      "type": "yandex_vpc_subnet",
      "name": "subnet_resource_name",
      "provider": "provider[\"registry.terraform.io/yandex-cloud/yandex\"]",
      "instances": [
        {
          "schema_version": 0,
          "attributes": {
            "created_at": "2025-03-02T17:49:04Z",
            "description": "",
            "dhcp_options": [],
            "folder_id": "b1ggnsesrlb48fr50afa",
            "id": "e2lvfi61hknqc02578cl",
            "labels": {},
            "name": "my-subnet",
            "network_id": "enpcv7i1r65be5oh78jj",
            "route_table_id": "",
            "timeouts": null,
            "v4_cidr_blocks": [
              "10.0.0.0/24"
            ],
            "v6_cidr_blocks": [],
            "zone": "ru-central1-b"
          },
          "sensitive_attributes": [],
          "private": "eyJlMmJmYjczMC1lY2FhLTExZTYtOGY4OC0zNDM2M2JjN2M0YzAiOnsiY3JlYXRlIjoxODAwMDAwMDAwMDAsImRlbGV0ZSI6MTgwMDAwMDAwMDAwLCJ1cGRhdGUiOjE4MDAwMDAwMDAwMH19",
          "dependencies": [
            "yandex_vpc_network.network_resource_name"
          ]
        }
      ]
    }
  ],
  "check_results": null
}
